<?xml version="1.0" encoding="utf-8"?>
<Project ToolsVersion="4.0" xmlns="http://schemas.microsoft.com/developer/msbuild/2003">
  <ItemGroup>
    <ClCompile Include="src\RCFramework.cpp" />
    <ClCompile Include="src\platform\WindowsPlatform.cpp">
      <Filter>platform</Filter>
    </ClCompile>
  </ItemGroup>
  <ItemGroup>
    <ClInclude Include="src\RCFramework.h" />
    <ClInclude Include="src\platform\WindowsPlatform.h">
      <Filter>platform</Filter>
    </ClInclude>
    <ClInclude Include="src\platform\PlatformBase.h">
      <Filter>platform</Filter>
    </ClInclude>
  </ItemGroup>
  <ItemGroup>
    <Filter Include="platform">
      <UniqueIdentifier>{450f54b5-d677-483f-88d4-61adb9eb23a3}</UniqueIdentifier>
    </Filter>
  </ItemGroup>
</Project>